
Microsoft Visual Studio Solution File, Format Version 12.00
# Visual Studio 15
VisualStudioVersion = 15.0.27703.2042
MinimumVisualStudioVersion = 10.0.40219.1
Project("{FAE04EC0-301F-11D3-BF4B-00C04F79EFBC}") = "ConsoleApp1", "ConsoleApp1\ConsoleApp1.csproj", "{AD6E5EDE-A5AC-4768-9C39-E30786191252}"
EndProject
Project("{FAE04EC0-301F-11D3-BF4B-00C04F79EFBC}") = "DelegateDemo1", "DelegateDemo1\DelegateDemo1.csproj", "{FBFFF6E9-E078-462B-A84C-D4330C6F4F89}"
EndProject
Project("{FAE04EC0-301F-11D3-BF4B-00C04F79EFBC}") = "AsyncAwaitDemo", "AsyncAwaitDemo\AsyncAwaitDemo.csproj", "{3A9CE8BB-0886-4D9A-B379-1C8C3A252D94}"
EndProject
Global
	GlobalSection(SolutionConfigurationPlatforms) = preSolution
		Debug|Any CPU = Debug|Any CPU
		Release|Any CPU = Release|Any CPU
	EndGlobalSection
	GlobalSection(ProjectConfigurationPlatforms) = postSolution
		{AD6E5EDE-A5AC-4768-9C39-E30786191252}.Debug|Any CPU.ActiveCfg = Debug|Any CPU
		{AD6E5EDE-A5AC-4768-9C39-E30786191252}.Debug|Any CPU.Build.0 = Debug|Any CPU
		{AD6E5EDE-A5AC-4768-9C39-E30786191252}.Release|Any CPU.ActiveCfg = Release|Any CPU
		{AD6E5EDE-A5AC-4768-9C39-E30786191252}.Release|Any CPU.Build.0 = Release|Any CPU
		{FBFFF6E9-E078-462B-A84C-D4330C6F4F89}.Debug|Any CPU.ActiveCfg = Debug|Any CPU
		{FBFFF6E9-E078-462B-A84C-D4330C6F4F89}.Debug|Any CPU.Build.0 = Debug|Any CPU
		{FBFFF6E9-E078-462B-A84C-D4330C6F4F89}.Release|Any CPU.ActiveCfg = Release|Any CPU
		{FBFFF6E9-E078-462B-A84C-D4330C6F4F89}.Release|Any CPU.Build.0 = Release|Any CPU
		{3A9CE8BB-0886-4D9A-B379-1C8C3A252D94}.Debug|Any CPU.ActiveCfg = Debug|Any CPU
		{3A9CE8BB-0886-4D9A-B379-1C8C3A252D94}.Debug|Any CPU.Build.0 = Debug|Any CPU
		{3A9CE8BB-0886-4D9A-B379-1C8C3A252D94}.Release|Any CPU.ActiveCfg = Release|Any CPU
		{3A9CE8BB-0886-4D9A-B379-1C8C3A252D94}.Release|Any CPU.Build.0 = Release|Any CPU
	EndGlobalSection
	GlobalSection(SolutionProperties) = preSolution
		HideSolutionNode = FALSE
	EndGlobalSection
	GlobalSection(ExtensibilityGlobals) = postSolution
		SolutionGuid = {3451BF0B-6A4A-459A-907F-BCF6106A66E1}
	EndGlobalSection
EndGlobal
